
Microsoft Visual Studio Solution File, Format Version 12.00
# Visual Studio Version 17
VisualStudioVersion = 17.0.31903.59
MinimumVisualStudioVersion = 10.0.40219.1
Project("{FAE04EC0-301F-11D3-BF4B-00C04F79EFBC}") = "Bobs-Racing", "Bobs-Racing\Bobs-Racing.csproj", "{3037FF71-3C35-4A31-A830-58971DE0DE07}"
EndProject
Project("{FAE04EC0-301F-11D3-BF4B-00C04F79EFBC}") = "Bobs-Racing.Tests", "Bobs-Racing.Tests\Bobs-Racing.Tests.csproj", "{4892BCE0-2A10-4DFA-9708-EC67CD01E94E}"
EndProject
Global
	GlobalSection(SolutionConfigurationPlatforms) = preSolution
		Debug|Any CPU = Debug|Any CPU
		Release|Any CPU = Release|Any CPU
	EndGlobalSection
	GlobalSection(ProjectConfigurationPlatforms) = postSolution
		{3037FF71-3C35-4A31-A830-58971DE0DE07}.Debug|Any CPU.ActiveCfg = Debug|Any CPU
		{3037FF71-3C35-4A31-A830-58971DE0DE07}.Debug|Any CPU.Build.0 = Debug|Any CPU
		{3037FF71-3C35-4A31-A830-58971DE0DE07}.Release|Any CPU.ActiveCfg = Release|Any CPU
		{3037FF71-3C35-4A31-A830-58971DE0DE07}.Release|Any CPU.Build.0 = Release|Any CPU
		{4892BCE0-2A10-4DFA-9708-EC67CD01E94E}.Debug|Any CPU.ActiveCfg = Debug|Any CPU
		{4892BCE0-2A10-4DFA-9708-EC67CD01E94E}.Debug|Any CPU.Build.0 = Debug|Any CPU
		{4892BCE0-2A10-4DFA-9708-EC67CD01E94E}.Release|Any CPU.ActiveCfg = Release|Any CPU
		{4892BCE0-2A10-4DFA-9708-EC67CD01E94E}.Release|Any CPU.Build.0 = Release|Any CPU
	EndGlobalSection
	GlobalSection(SolutionProperties) = preSolution
		HideSolutionNode = FALSE
	EndGlobalSection
EndGlobal
